
Microsoft Visual Studio Solution File, Format Version 12.00
# Visual Studio 15
VisualStudioVersion = 15.0.28307.168
MinimumVisualStudioVersion = 10.0.40219.1
Project("{FAE04EC0-301F-11D3-BF4B-00C04F79EFBC}") = "Conditions - Exercice 3", "Conditions - Exercice 3\Conditions - Exercice 3.csproj", "{CEAA6CA8-08CC-49DA-A931-20FBA0D98FBB}"
EndProject
Global
	GlobalSection(SolutionConfigurationPlatforms) = preSolution
		Debug|Any CPU = Debug|Any CPU
		Release|Any CPU = Release|Any CPU
	EndGlobalSection
	GlobalSection(ProjectConfigurationPlatforms) = postSolution
		{CEAA6CA8-08CC-49DA-A931-20FBA0D98FBB}.Debug|Any CPU.ActiveCfg = Debug|Any CPU
		{CEAA6CA8-08CC-49DA-A931-20FBA0D98FBB}.Debug|Any CPU.Build.0 = Debug|Any CPU
		{CEAA6CA8-08CC-49DA-A931-20FBA0D98FBB}.Release|Any CPU.ActiveCfg = Release|Any CPU
		{CEAA6CA8-08CC-49DA-A931-20FBA0D98FBB}.Release|Any CPU.Build.0 = Release|Any CPU
	EndGlobalSection
	GlobalSection(SolutionProperties) = preSolution
		HideSolutionNode = FALSE
	EndGlobalSection
	GlobalSection(ExtensibilityGlobals) = postSolution
		SolutionGuid = {EB980928-0A53-4703-8502-700634C06C67}
	EndGlobalSection
EndGlobal
